// !$*UTF8*$!
{
	archiveVersion = 1;
	classes = {
	};
	objectVersion = 77;
	objects = {

/* Begin PBXBuildFile section */
		E00455EB2D9CEC2100042024 /* Constants.swift in Sources */ = {isa = PBXBuildFile; fileRef = E00455EA2D9CEC2100042024 /* Constants.swift */; };
		E00455ED2D9CF34600042024 /* Color+Extensions.swift in Sources */ = {isa = PBXBuildFile; fileRef = E00455EC2D9CF34600042024 /* Color+Extensions.swift */; };
		E00455EF2D9CF48900042024 /* Font+Extensions.swift in Sources */ = {isa = PBXBuildFile; fileRef = E00455EE2D9CF48900042024 /* Font+Extensions.swift */; };
		E00455F22D9CF63000042024 /* Localizable.strings in Resources */ = {isa = PBXBuildFile; fileRef = E00455F02D9CF63000042024 /* Localizable.strings */; };
		E00455FA2D9F09A500042024 /* TaskRepository.swift in Sources */ = {isa = PBXBuildFile; fileRef = E00455F92D9F09A500042024 /* TaskRepository.swift */; };
		E00455FC2D9F169F00042024 /* WorkSessionRepository.swift in Sources */ = {isa = PBXBuildFile; fileRef = E00455FB2D9F169F00042024 /* WorkSessionRepository.swift */; };
		E00455FE2D9F1A6500042024 /* DataSeeder.swift in Sources */ = {isa = PBXBuildFile; fileRef = E00455FD2D9F1A6500042024 /* DataSeeder.swift */; };
		E00456002D9F41FD00042024 /* TimerService.swift in Sources */ = {isa = PBXBuildFile; fileRef = E00455FF2D9F41FD00042024 /* TimerService.swift */; };
		E00456022D9F452F00042024 /* NotificationService.swift in Sources */ = {isa = PBXBuildFile; fileRef = E00456012D9F452F00042024 /* NotificationService.swift */; };
		E00456042D9F4E1E00042024 /* SettingsService.swift in Sources */ = {isa = PBXBuildFile; fileRef = E00456032D9F4E1E00042024 /* SettingsService.swift */; };
		E004562E2DA88FB700042024 /* WorkSessionViewModel.swift in Sources */ = {isa = PBXBuildFile; fileRef = E004562D2DA88FB700042024 /* WorkSessionViewModel.swift */; };
		E00456302DA8945900042024 /* WorkSessionView.swift in Sources */ = {isa = PBXBuildFile; fileRef = E004562F2DA8945900042024 /* WorkSessionView.swift */; };
		E00456322DA896FC00042024 /* TimerInterval+Extensions.swift in Sources */ = {isa = PBXBuildFile; fileRef = E00456312DA896FC00042024 /* TimerInterval+Extensions.swift */; };
		E00456342DB44C1300042024 /* DevEnvironment.swift in Sources */ = {isa = PBXBuildFile; fileRef = E00456332DB44C1300042024 /* DevEnvironment.swift */; };
		E00456362DB4685C00042024 /* SessionManager.swift in Sources */ = {isa = PBXBuildFile; fileRef = E00456352DB4685C00042024 /* SessionManager.swift */; };
		E00456382DB46AD300042024 /* SessionRestorer.swift in Sources */ = {isa = PBXBuildFile; fileRef = E00456372DB46AD300042024 /* SessionRestorer.swift */; };
		E00456942DBAEFF200042024 /* MainTabView.swift in Sources */ = {isa = PBXBuildFile; fileRef = E00456932DBAEFF200042024 /* MainTabView.swift */; };
		E004569C2DBAF54700042024 /* TaskRowView.swift in Sources */ = {isa = PBXBuildFile; fileRef = E004569A2DBAF54700042024 /* TaskRowView.swift */; };
		E004569D2DBAF54700042024 /* TaskEditView.swift in Sources */ = {isa = PBXBuildFile; fileRef = E00456972DBAF54700042024 /* TaskEditView.swift */; };
		E004569E2DBAF54700042024 /* DoneListView.swift in Sources */ = {isa = PBXBuildFile; fileRef = E00456962DBAF54700042024 /* DoneListView.swift */; };
		E004569F2DBAF54700042024 /* TaskListView.swift in Sources */ = {isa = PBXBuildFile; fileRef = E00456982DBAF54700042024 /* TaskListView.swift */; };
		E00456A02DBAF54700042024 /* TaskListViewModel.swift in Sources */ = {isa = PBXBuildFile; fileRef = E00456992DBAF54700042024 /* TaskListViewModel.swift */; };
		E00456A12DBAF54700042024 /* ToDoListView.swift in Sources */ = {isa = PBXBuildFile; fileRef = E004569B2DBAF54700042024 /* ToDoListView.swift */; };
		E00456CD2DBB16CB00042024 /* SettingViewModel.swift in Sources */ = {isa = PBXBuildFile; fileRef = E00456CC2DBB16CB00042024 /* SettingViewModel.swift */; };
		E00456CF2DBB177B00042024 /* AboutView.swift in Sources */ = {isa = PBXBuildFile; fileRef = E00456CE2DBB177B00042024 /* AboutView.swift */; };
		E00456D12DBB17C300042024 /* HowItWorksView.swift in Sources */ = {isa = PBXBuildFile; fileRef = E00456D02DBB17C300042024 /* HowItWorksView.swift */; };
		E00456D52DBB29D800042024 /* SettingsView.swift in Sources */ = {isa = PBXBuildFile; fileRef = E00456D42DBB29D800042024 /* SettingsView.swift */; };
		E004572F2DBC224000042024 /* ReportsViewModel.swift in Sources */ = {isa = PBXBuildFile; fileRef = E004572E2DBC224000042024 /* ReportsViewModel.swift */; };
		E00457312DBC235800042024 /* ReportBarChartView.swift in Sources */ = {isa = PBXBuildFile; fileRef = E00457302DBC235800042024 /* ReportBarChartView.swift */; };
		E00457332DBC23E900042024 /* ReportPieChartView.swift in Sources */ = {isa = PBXBuildFile; fileRef = E00457322DBC23E900042024 /* ReportPieChartView.swift */; };
		E00457352DBC264400042024 /* ReportsView.swift in Sources */ = {isa = PBXBuildFile; fileRef = E00457342DBC264400042024 /* ReportsView.swift */; };
		E00457372DBC269A00042024 /* ReportSettingsView.swift in Sources */ = {isa = PBXBuildFile; fileRef = E00457362DBC269A00042024 /* ReportSettingsView.swift */; };
		E00457392DBC282900042024 /* ReportCache.swift in Sources */ = {isa = PBXBuildFile; fileRef = E00457382DBC282900042024 /* ReportCache.swift */; };
		E004573B2DBDBB4F00042024 /* AppEvents.swift in Sources */ = {isa = PBXBuildFile; fileRef = E004573A2DBDBB4F00042024 /* AppEvents.swift */; };
		E00457652DC0420F00042024 /* TaskPickerView.swift in Sources */ = {isa = PBXBuildFile; fileRef = E00457642DC0420F00042024 /* TaskPickerView.swift */; };
		E00457672DC0473400042024 /* AlertView.swift in Sources */ = {isa = PBXBuildFile; fileRef = E00457662DC0473400042024 /* AlertView.swift */; };
		E00457912DC583EC00042024 /* TaskCompletionOverlayService.swift in Sources */ = {isa = PBXBuildFile; fileRef = E00457902DC583EC00042024 /* TaskCompletionOverlayService.swift */; };
		E00457932DC5844000042024 /* TaskCompletedOverlayView.swift in Sources */ = {isa = PBXBuildFile; fileRef = E00457922DC5844000042024 /* TaskCompletedOverlayView.swift */; };
		E07A74542DEE037A00E02FBC /* WorkSessionViewModel.swift in Sources */ = {isa = PBXBuildFile; fileRef = E004562D2DA88FB700042024 /* WorkSessionViewModel.swift */; };
		E07A74552DEE037A00E02FBC /* Constants.swift in Sources */ = {isa = PBXBuildFile; fileRef = E00455EA2D9CEC2100042024 /* Constants.swift */; };
		E07A74562DEE037A00E02FBC /* MainTabView.swift in Sources */ = {isa = PBXBuildFile; fileRef = E00456932DBAEFF200042024 /* MainTabView.swift */; };
		E07A74572DEE037A00E02FBC /* AboutView.swift in Sources */ = {isa = PBXBuildFile; fileRef = E00456CE2DBB177B00042024 /* AboutView.swift */; };
		E07A74582DEE037A00E02FBC /* SessionManager.swift in Sources */ = {isa = PBXBuildFile; fileRef = E00456352DB4685C00042024 /* SessionManager.swift */; };
		E07A74592DEE037A00E02FBC /* TaskRepository.swift in Sources */ = {isa = PBXBuildFile; fileRef = E00455F92D9F09A500042024 /* TaskRepository.swift */; };
		E07A745A2DEE037A00E02FBC /* DataSeeder.swift in Sources */ = {isa = PBXBuildFile; fileRef = E00455FD2D9F1A6500042024 /* DataSeeder.swift */; };
		E07A745B2DEE037A00E02FBC /* NotificationService.swift in Sources */ = {isa = PBXBuildFile; fileRef = E00456012D9F452F00042024 /* NotificationService.swift */; };
		E07A745C2DEE037A00E02FBC /* AlertView.swift in Sources */ = {isa = PBXBuildFile; fileRef = E00457662DC0473400042024 /* AlertView.swift */; };
		E07A745D2DEE037A00E02FBC /* WorkSessionRepository.swift in Sources */ = {isa = PBXBuildFile; fileRef = E00455FB2D9F169F00042024 /* WorkSessionRepository.swift */; };
		E07A745E2DEE037A00E02FBC /* TaskPickerView.swift in Sources */ = {isa = PBXBuildFile; fileRef = E00457642DC0420F00042024 /* TaskPickerView.swift */; };
		E07A745F2DEE037A00E02FBC /* ReportsViewModel.swift in Sources */ = {isa = PBXBuildFile; fileRef = E004572E2DBC224000042024 /* ReportsViewModel.swift */; };
		E07A74602DEE037A00E02FBC /* ReportsView.swift in Sources */ = {isa = PBXBuildFile; fileRef = E00457342DBC264400042024 /* ReportsView.swift */; };
		E07A74612DEE037A00E02FBC /* TimerService.swift in Sources */ = {isa = PBXBuildFile; fileRef = E00455FF2D9F41FD00042024 /* TimerService.swift */; };
		E07A74622DEE037A00E02FBC /* Font+Extensions.swift in Sources */ = {isa = PBXBuildFile; fileRef = E00455EE2D9CF48900042024 /* Font+Extensions.swift */; };
		E07A74632DEE037A00E02FBC /* ReportSettingsView.swift in Sources */ = {isa = PBXBuildFile; fileRef = E00457362DBC269A00042024 /* ReportSettingsView.swift */; };
		E07A74642DEE037A00E02FBC /* HowItWorksView.swift in Sources */ = {isa = PBXBuildFile; fileRef = E00456D02DBB17C300042024 /* HowItWorksView.swift */; };
		E07A74652DEE037A00E02FBC /* ReportBarChartView.swift in Sources */ = {isa = PBXBuildFile; fileRef = E00457302DBC235800042024 /* ReportBarChartView.swift */; };
		E07A74662DEE037A00E02FBC /* SessionRestorer.swift in Sources */ = {isa = PBXBuildFile; fileRef = E00456372DB46AD300042024 /* SessionRestorer.swift */; };
		E07A74672DEE037A00E02FBC /* TaskCompletedOverlayView.swift in Sources */ = {isa = PBXBuildFile; fileRef = E00457922DC5844000042024 /* TaskCompletedOverlayView.swift */; };
		E07A74682DEE037A00E02FBC /* SettingsService.swift in Sources */ = {isa = PBXBuildFile; fileRef = E00456032D9F4E1E00042024 /* SettingsService.swift */; };
		E07A74692DEE037A00E02FBC /* Color+Extensions.swift in Sources */ = {isa = PBXBuildFile; fileRef = E00455EC2D9CF34600042024 /* Color+Extensions.swift */; };
		E07A746A2DEE037A00E02FBC /* SettingsView.swift in Sources */ = {isa = PBXBuildFile; fileRef = E00456D42DBB29D800042024 /* SettingsView.swift */; };
		E07A746B2DEE037A00E02FBC /* TimerInterval+Extensions.swift in Sources */ = {isa = PBXBuildFile; fileRef = E00456312DA896FC00042024 /* TimerInterval+Extensions.swift */; };
		E07A746C2DEE037A00E02FBC /* WorkSessionView.swift in Sources */ = {isa = PBXBuildFile; fileRef = E004562F2DA8945900042024 /* WorkSessionView.swift */; };
		E07A746D2DEE037A00E02FBC /* ReportPieChartView.swift in Sources */ = {isa = PBXBuildFile; fileRef = E00457322DBC23E900042024 /* ReportPieChartView.swift */; };
		E07A746E2DEE037A00E02FBC /* SettingViewModel.swift in Sources */ = {isa = PBXBuildFile; fileRef = E00456CC2DBB16CB00042024 /* SettingViewModel.swift */; };
		E07A746F2DEE037A00E02FBC /* ReportCache.swift in Sources */ = {isa = PBXBuildFile; fileRef = E00457382DBC282900042024 /* ReportCache.swift */; };
		E07A74702DEE037A00E02FBC /* DevEnvironment.swift in Sources */ = {isa = PBXBuildFile; fileRef = E00456332DB44C1300042024 /* DevEnvironment.swift */; };
		E07A74712DEE037A00E02FBC /* TaskRowView.swift in Sources */ = {isa = PBXBuildFile; fileRef = E004569A2DBAF54700042024 /* TaskRowView.swift */; };
		E07A74722DEE037A00E02FBC /* TaskCompletionOverlayService.swift in Sources */ = {isa = PBXBuildFile; fileRef = E00457902DC583EC00042024 /* TaskCompletionOverlayService.swift */; };
		E07A74732DEE037A00E02FBC /* TaskEditView.swift in Sources */ = {isa = PBXBuildFile; fileRef = E00456972DBAF54700042024 /* TaskEditView.swift */; };
		E07A74742DEE037A00E02FBC /* AppEvents.swift in Sources */ = {isa = PBXBuildFile; fileRef = E004573A2DBDBB4F00042024 /* AppEvents.swift */; };
		E07A74752DEE037A00E02FBC /* DoneListView.swift in Sources */ = {isa = PBXBuildFile; fileRef = E00456962DBAF54700042024 /* DoneListView.swift */; };
		E07A74762DEE037A00E02FBC /* TaskListView.swift in Sources */ = {isa = PBXBuildFile; fileRef = E00456982DBAF54700042024 /* TaskListView.swift */; };
		E07A74772DEE037A00E02FBC /* TaskListViewModel.swift in Sources */ = {isa = PBXBuildFile; fileRef = E00456992DBAF54700042024 /* TaskListViewModel.swift */; };
		E07A74782DEE037A00E02FBC /* ToDoListView.swift in Sources */ = {isa = PBXBuildFile; fileRef = E004569B2DBAF54700042024 /* ToDoListView.swift */; };
		E07A747B2DEE037A00E02FBC /* Localizable.strings in Resources */ = {isa = PBXBuildFile; fileRef = E00455F02D9CF63000042024 /* Localizable.strings */; };
		E07A74CA2DF3569300E02FBC /* UIApplication+Extensions.swift in Sources */ = {isa = PBXBuildFile; fileRef = E07A74C92DF3569300E02FBC /* UIApplication+Extensions.swift */; };
		E07A74CB2DF3569300E02FBC /* UIApplication+Extensions.swift in Sources */ = {isa = PBXBuildFile; fileRef = E07A74C92DF3569300E02FBC /* UIApplication+Extensions.swift */; };
		E07A74CC2DF3569300E02FBC /* UIApplication+Extensions.swift in Sources */ = {isa = PBXBuildFile; fileRef = E07A74C92DF3569300E02FBC /* UIApplication+Extensions.swift */; };
		E07A74CD2DF3569300E02FBC /* UIApplication+Extensions.swift in Sources */ = {isa = PBXBuildFile; fileRef = E07A74C92DF3569300E02FBC /* UIApplication+Extensions.swift */; };
		E07A75752DF9037000E02FBC /* DurationPickerView.swift in Sources */ = {isa = PBXBuildFile; fileRef = E07A75742DF9037000E02FBC /* DurationPickerView.swift */; };
		E07A75762DF9037000E02FBC /* DurationPickerView.swift in Sources */ = {isa = PBXBuildFile; fileRef = E07A75742DF9037000E02FBC /* DurationPickerView.swift */; };
/* End PBXBuildFile section */

/* Begin PBXContainerItemProxy section */
		E004558E2D9B931200042024 /* PBXContainerItemProxy */ = {
			isa = PBXContainerItemProxy;
			containerPortal = E00455702D9B931000042024 /* Project object */;
			proxyType = 1;
			remoteGlobalIDString = E00455772D9B931000042024;
			remoteInfo = "Done Pomodoro";
		};
		E00455982D9B931200042024 /* PBXContainerItemProxy */ = {
			isa = PBXContainerItemProxy;
			containerPortal = E00455702D9B931000042024 /* Project object */;
			proxyType = 1;
			remoteGlobalIDString = E00455772D9B931000042024;
			remoteInfo = "Done Pomodoro";
		};
/* End PBXContainerItemProxy section */

/* Begin PBXFileReference section */
		E00455782D9B931000042024 /* Done Pomodoro.app */ = {isa = PBXFileReference; explicitFileType = wrapper.application; includeInIndex = 0; path = "Done Pomodoro.app"; sourceTree = BUILT_PRODUCTS_DIR; };
		E004558D2D9B931200042024 /* Done PomodoroTests.xctest */ = {isa = PBXFileReference; explicitFileType = wrapper.cfbundle; includeInIndex = 0; path = "Done PomodoroTests.xctest"; sourceTree = BUILT_PRODUCTS_DIR; };
		E00455972D9B931200042024 /* Done PomodoroUITests.xctest */ = {isa = PBXFileReference; explicitFileType = wrapper.cfbundle; includeInIndex = 0; path = "Done PomodoroUITests.xctest"; sourceTree = BUILT_PRODUCTS_DIR; };
		E00455AF2D9B97C900042024 /* .gitignore */ = {isa = PBXFileReference; lastKnownFileType = text; path = .gitignore; sourceTree = "<group>"; };
		E00455EA2D9CEC2100042024 /* Constants.swift */ = {isa = PBXFileReference; lastKnownFileType = sourcecode.swift; path = Constants.swift; sourceTree = "<group>"; };
		E00455EC2D9CF34600042024 /* Color+Extensions.swift */ = {isa = PBXFileReference; lastKnownFileType = sourcecode.swift; path = "Color+Extensions.swift"; sourceTree = "<group>"; };
		E00455EE2D9CF48900042024 /* Font+Extensions.swift */ = {isa = PBXFileReference; lastKnownFileType = sourcecode.swift; path = "Font+Extensions.swift"; sourceTree = "<group>"; };
		E00455F12D9CF63000042024 /* en */ = {isa = PBXFileReference; lastKnownFileType = text.plist.strings; name = en; path = en.lproj/Localizable.strings; sourceTree = "<group>"; };
		E00455F92D9F09A500042024 /* TaskRepository.swift */ = {isa = PBXFileReference; lastKnownFileType = sourcecode.swift; path = TaskRepository.swift; sourceTree = "<group>"; };
		E00455FB2D9F169F00042024 /* WorkSessionRepository.swift */ = {isa = PBXFileReference; lastKnownFileType = sourcecode.swift; path = WorkSessionRepository.swift; sourceTree = "<group>"; };
		E00455FD2D9F1A6500042024 /* DataSeeder.swift */ = {isa = PBXFileReference; lastKnownFileType = sourcecode.swift; path = DataSeeder.swift; sourceTree = "<group>"; };
		E00455FF2D9F41FD00042024 /* TimerService.swift */ = {isa = PBXFileReference; lastKnownFileType = sourcecode.swift; path = TimerService.swift; sourceTree = "<group>"; };
		E00456012D9F452F00042024 /* NotificationService.swift */ = {isa = PBXFileReference; lastKnownFileType = sourcecode.swift; path = NotificationService.swift; sourceTree = "<group>"; };
		E00456032D9F4E1E00042024 /* SettingsService.swift */ = {isa = PBXFileReference; lastKnownFileType = sourcecode.swift; path = SettingsService.swift; sourceTree = "<group>"; };
		E004562D2DA88FB700042024 /* WorkSessionViewModel.swift */ = {isa = PBXFileReference; lastKnownFileType = sourcecode.swift; path = WorkSessionViewModel.swift; sourceTree = "<group>"; };
		E004562F2DA8945900042024 /* WorkSessionView.swift */ = {isa = PBXFileReference; lastKnownFileType = sourcecode.swift; path = WorkSessionView.swift; sourceTree = "<group>"; };
		E00456312DA896FC00042024 /* TimerInterval+Extensions.swift */ = {isa = PBXFileReference; lastKnownFileType = sourcecode.swift; path = "TimerInterval+Extensions.swift"; sourceTree = "<group>"; };
		E00456332DB44C1300042024 /* DevEnvironment.swift */ = {isa = PBXFileReference; lastKnownFileType = sourcecode.swift; path = DevEnvironment.swift; sourceTree = "<group>"; };
		E00456352DB4685C00042024 /* SessionManager.swift */ = {isa = PBXFileReference; lastKnownFileType = sourcecode.swift; path = SessionManager.swift; sourceTree = "<group>"; };
		E00456372DB46AD300042024 /* SessionRestorer.swift */ = {isa = PBXFileReference; lastKnownFileType = sourcecode.swift; path = SessionRestorer.swift; sourceTree = "<group>"; };
		E00456932DBAEFF200042024 /* MainTabView.swift */ = {isa = PBXFileReference; lastKnownFileType = sourcecode.swift; path = MainTabView.swift; sourceTree = "<group>"; };
		E00456962DBAF54700042024 /* DoneListView.swift */ = {isa = PBXFileReference; lastKnownFileType = sourcecode.swift; path = DoneListView.swift; sourceTree = "<group>"; };
		E00456972DBAF54700042024 /* TaskEditView.swift */ = {isa = PBXFileReference; lastKnownFileType = sourcecode.swift; path = TaskEditView.swift; sourceTree = "<group>"; };
		E00456982DBAF54700042024 /* TaskListView.swift */ = {isa = PBXFileReference; lastKnownFileType = sourcecode.swift; path = TaskListView.swift; sourceTree = "<group>"; };
		E00456992DBAF54700042024 /* TaskListViewModel.swift */ = {isa = PBXFileReference; lastKnownFileType = sourcecode.swift; path = TaskListViewModel.swift; sourceTree = "<group>"; };
		E004569A2DBAF54700042024 /* TaskRowView.swift */ = {isa = PBXFileReference; lastKnownFileType = sourcecode.swift; path = TaskRowView.swift; sourceTree = "<group>"; };
		E004569B2DBAF54700042024 /* ToDoListView.swift */ = {isa = PBXFileReference; lastKnownFileType = sourcecode.swift; path = ToDoListView.swift; sourceTree = "<group>"; };
		E00456CC2DBB16CB00042024 /* SettingViewModel.swift */ = {isa = PBXFileReference; lastKnownFileType = sourcecode.swift; path = SettingViewModel.swift; sourceTree = "<group>"; };
		E00456CE2DBB177B00042024 /* AboutView.swift */ = {isa = PBXFileReference; lastKnownFileType = sourcecode.swift; path = AboutView.swift; sourceTree = "<group>"; };
		E00456D02DBB17C300042024 /* HowItWorksView.swift */ = {isa = PBXFileReference; lastKnownFileType = sourcecode.swift; path = HowItWorksView.swift; sourceTree = "<group>"; };
		E00456D42DBB29D800042024 /* SettingsView.swift */ = {isa = PBXFileReference; lastKnownFileType = sourcecode.swift; path = SettingsView.swift; sourceTree = "<group>"; };
		E004572E2DBC224000042024 /* ReportsViewModel.swift */ = {isa = PBXFileReference; lastKnownFileType = sourcecode.swift; path = ReportsViewModel.swift; sourceTree = "<group>"; };
		E00457302DBC235800042024 /* ReportBarChartView.swift */ = {isa = PBXFileReference; lastKnownFileType = sourcecode.swift; path = ReportBarChartView.swift; sourceTree = "<group>"; };
		E00457322DBC23E900042024 /* ReportPieChartView.swift */ = {isa = PBXFileReference; lastKnownFileType = sourcecode.swift; path = ReportPieChartView.swift; sourceTree = "<group>"; };
		E00457342DBC264400042024 /* ReportsView.swift */ = {isa = PBXFileReference; lastKnownFileType = sourcecode.swift; path = ReportsView.swift; sourceTree = "<group>"; };
		E00457362DBC269A00042024 /* ReportSettingsView.swift */ = {isa = PBXFileReference; lastKnownFileType = sourcecode.swift; path = ReportSettingsView.swift; sourceTree = "<group>"; };
		E00457382DBC282900042024 /* ReportCache.swift */ = {isa = PBXFileReference; lastKnownFileType = sourcecode.swift; path = ReportCache.swift; sourceTree = "<group>"; };
		E004573A2DBDBB4F00042024 /* AppEvents.swift */ = {isa = PBXFileReference; lastKnownFileType = sourcecode.swift; path = AppEvents.swift; sourceTree = "<group>"; };
		E00457642DC0420F00042024 /* TaskPickerView.swift */ = {isa = PBXFileReference; lastKnownFileType = sourcecode.swift; path = TaskPickerView.swift; sourceTree = "<group>"; };
		E00457662DC0473400042024 /* AlertView.swift */ = {isa = PBXFileReference; lastKnownFileType = sourcecode.swift; path = AlertView.swift; sourceTree = "<group>"; };
		E00457902DC583EC00042024 /* TaskCompletionOverlayService.swift */ = {isa = PBXFileReference; lastKnownFileType = sourcecode.swift; path = TaskCompletionOverlayService.swift; sourceTree = "<group>"; };
		E00457922DC5844000042024 /* TaskCompletedOverlayView.swift */ = {isa = PBXFileReference; lastKnownFileType = sourcecode.swift; path = TaskCompletedOverlayView.swift; sourceTree = "<group>"; };
		E07A747F2DEE037A00E02FBC /* Done Pomodoro copy.app */ = {isa = PBXFileReference; explicitFileType = wrapper.application; includeInIndex = 0; path = "Done Pomodoro copy.app"; sourceTree = BUILT_PRODUCTS_DIR; };
		E07A74C92DF3569300E02FBC /* UIApplication+Extensions.swift */ = {isa = PBXFileReference; lastKnownFileType = sourcecode.swift; path = "UIApplication+Extensions.swift"; sourceTree = "<group>"; };
		E07A75742DF9037000E02FBC /* DurationPickerView.swift */ = {isa = PBXFileReference; lastKnownFileType = sourcecode.swift; path = DurationPickerView.swift; sourceTree = "<group>"; };
/* End PBXFileReference section */

/* Begin PBXFileSystemSynchronizedBuildFileExceptionSet section */
		E07A74802DEE037A00E02FBC /* Exceptions for "Done Pomodoro" folder in "Done Pomodoro copy" target */ = {
			isa = PBXFileSystemSynchronizedBuildFileExceptionSet;
			membershipExceptions = (
				Assets.xcassets,
				ContentView.swift,
				Done_Pomodoro.xcdatamodeld,
				Done_PomodoroApp.swift,
				Persistence.swift,
				"Preview Content/Preview Assets.xcassets",
			);
			target = E07A74522DEE037A00E02FBC /* Done Pomodoro copy */;
		};
/* End PBXFileSystemSynchronizedBuildFileExceptionSet section */

/* Begin PBXFileSystemSynchronizedRootGroup section */
		E004557A2D9B931000042024 /* Done Pomodoro */ = {
			isa = PBXFileSystemSynchronizedRootGroup;
			exceptions = (
				E07A74802DEE037A00E02FBC /* Exceptions for "Done Pomodoro" folder in "Done Pomodoro copy" target */,
			);
			path = "Done Pomodoro";
			sourceTree = "<group>";
		};
		E00455902D9B931200042024 /* Done PomodoroTests */ = {
			isa = PBXFileSystemSynchronizedRootGroup;
			path = "Done PomodoroTests";
			sourceTree = "<group>";
		};
		E004559A2D9B931200042024 /* Done PomodoroUITests */ = {
			isa = PBXFileSystemSynchronizedRootGroup;
			path = "Done PomodoroUITests";
			sourceTree = "<group>";
		};
/* End PBXFileSystemSynchronizedRootGroup section */

/* Begin PBXFrameworksBuildPhase section */
		E00455752D9B931000042024 /* Frameworks */ = {
			isa = PBXFrameworksBuildPhase;
			buildActionMask = 2147483647;
			files = (
			);
			runOnlyForDeploymentPostprocessing = 0;
		};
		E004558A2D9B931200042024 /* Frameworks */ = {
			isa = PBXFrameworksBuildPhase;
			buildActionMask = 2147483647;
			files = (
			);
			runOnlyForDeploymentPostprocessing = 0;
		};
		E00455942D9B931200042024 /* Frameworks */ = {
			isa = PBXFrameworksBuildPhase;
			buildActionMask = 2147483647;
			files = (
			);
			runOnlyForDeploymentPostprocessing = 0;
		};
		E07A74792DEE037A00E02FBC /* Frameworks */ = {
			isa = PBXFrameworksBuildPhase;
			buildActionMask = 2147483647;
			files = (
			);
			runOnlyForDeploymentPostprocessing = 0;
		};
/* End PBXFrameworksBuildPhase section */

/* Begin PBXGroup section */
		E004556F2D9B931000042024 = {
			isa = PBXGroup;
			children = (
				E00455B02D9B988E00042024 /* App Core */,
				E00455B12D9B989B00042024 /* Common */,
				E00455E62D9CE71600042024 /* Modules */,
				E00455B62D9B98D300042024 /* Data */,
				E00455B72D9B98DB00042024 /* Notifications */,
				E00455AF2D9B97C900042024 /* .gitignore */,
				E004557A2D9B931000042024 /* Done Pomodoro */,
				E00455902D9B931200042024 /* Done PomodoroTests */,
				E004559A2D9B931200042024 /* Done PomodoroUITests */,
				E00455792D9B931000042024 /* Products */,
			);
			sourceTree = "<group>";
		};
		E00455792D9B931000042024 /* Products */ = {
			isa = PBXGroup;
			children = (
				E00455782D9B931000042024 /* Done Pomodoro.app */,
				E004558D2D9B931200042024 /* Done PomodoroTests.xctest */,
				E00455972D9B931200042024 /* Done PomodoroUITests.xctest */,
				E07A747F2DEE037A00E02FBC /* Done Pomodoro copy.app */,
			);
			name = Products;
			sourceTree = "<group>";
		};
		E00455B02D9B988E00042024 /* App Core */ = {
			isa = PBXGroup;
			children = (
				E00455FF2D9F41FD00042024 /* TimerService.swift */,
				E00456032D9F4E1E00042024 /* SettingsService.swift */,
				E00456352DB4685C00042024 /* SessionManager.swift */,
				E00456372DB46AD300042024 /* SessionRestorer.swift */,
				E004573A2DBDBB4F00042024 /* AppEvents.swift */,
			);
			path = "App Core";
			sourceTree = "<group>";
		};
		E00455B12D9B989B00042024 /* Common */ = {
			isa = PBXGroup;
			children = (
				E00455EA2D9CEC2100042024 /* Constants.swift */,
				E00455EC2D9CF34600042024 /* Color+Extensions.swift */,
				E00455EE2D9CF48900042024 /* Font+Extensions.swift */,
				E00455F02D9CF63000042024 /* Localizable.strings */,
				E00456312DA896FC00042024 /* TimerInterval+Extensions.swift */,
				E07A74C92DF3569300E02FBC /* UIApplication+Extensions.swift */,
				E00456332DB44C1300042024 /* DevEnvironment.swift */,
			);
			path = Common;
			sourceTree = "<group>";
		};
		E00455B22D9B98A500042024 /* Timer */ = {
			isa = PBXGroup;
			children = (
				E004562D2DA88FB700042024 /* WorkSessionViewModel.swift */,
				E004562F2DA8945900042024 /* WorkSessionView.swift */,
				E00457642DC0420F00042024 /* TaskPickerView.swift */,
			);
			path = Timer;
			sourceTree = "<group>";
		};
		E00455B42D9B98BB00042024 /* Settings */ = {
			isa = PBXGroup;
			children = (
				E00456CC2DBB16CB00042024 /* SettingViewModel.swift */,
				E00456D42DBB29D800042024 /* SettingsView.swift */,
				E00456CE2DBB177B00042024 /* AboutView.swift */,
				E00456D02DBB17C300042024 /* HowItWorksView.swift */,
			);
			path = Settings;
			sourceTree = "<group>";
		};
		E00455B52D9B98C900042024 /* Reports */ = {
			isa = PBXGroup;
			children = (
				E004572E2DBC224000042024 /* ReportsViewModel.swift */,
				E00457302DBC235800042024 /* ReportBarChartView.swift */,
				E00457322DBC23E900042024 /* ReportPieChartView.swift */,
				E00457342DBC264400042024 /* ReportsView.swift */,
				E00457362DBC269A00042024 /* ReportSettingsView.swift */,
				E00457382DBC282900042024 /* ReportCache.swift */,
			);
			path = Reports;
			sourceTree = "<group>";
		};
		E00455B62D9B98D300042024 /* Data */ = {
			isa = PBXGroup;
			children = (
				E00455F52D9F092800042024 /* Repositories */,
				E00455FD2D9F1A6500042024 /* DataSeeder.swift */,
			);
			path = Data;
			sourceTree = "<group>";
		};
		E00455B72D9B98DB00042024 /* Notifications */ = {
			isa = PBXGroup;
			children = (
				E00456012D9F452F00042024 /* NotificationService.swift */,
			);
			path = Notifications;
			sourceTree = "<group>";
		};
		E00455E62D9CE71600042024 /* Modules */ = {
			isa = PBXGroup;
			children = (
				E00456932DBAEFF200042024 /* MainTabView.swift */,
				E00456952DBAF4BB00042024 /* TaskManagement */,
				E00455B22D9B98A500042024 /* Timer */,
				E00455B42D9B98BB00042024 /* Settings */,
				E00455B52D9B98C900042024 /* Reports */,
			);
			path = Modules;
			sourceTree = "<group>";
		};
		E00455F52D9F092800042024 /* Repositories */ = {
			isa = PBXGroup;
			children = (
				E00455F92D9F09A500042024 /* TaskRepository.swift */,
				E00455FB2D9F169F00042024 /* WorkSessionRepository.swift */,
			);
			path = Repositories;
			sourceTree = "<group>";
		};
		E00456952DBAF4BB00042024 /* TaskManagement */ = {
			isa = PBXGroup;
			children = (
				E00456962DBAF54700042024 /* DoneListView.swift */,
				E00456972DBAF54700042024 /* TaskEditView.swift */,
				E07A75742DF9037000E02FBC /* DurationPickerView.swift */,
				E00456982DBAF54700042024 /* TaskListView.swift */,
				E00456992DBAF54700042024 /* TaskListViewModel.swift */,
				E004569A2DBAF54700042024 /* TaskRowView.swift */,
				E004569B2DBAF54700042024 /* ToDoListView.swift */,
				E00457662DC0473400042024 /* AlertView.swift */,
				E00457902DC583EC00042024 /* TaskCompletionOverlayService.swift */,
				E00457922DC5844000042024 /* TaskCompletedOverlayView.swift */,
			);
			path = TaskManagement;
			sourceTree = "<group>";
		};
/* End PBXGroup section */

/* Begin PBXNativeTarget section */
		E00455772D9B931000042024 /* Done Pomodoro */ = {
			isa = PBXNativeTarget;
			buildConfigurationList = E00455A12D9B931200042024 /* Build configuration list for PBXNativeTarget "Done Pomodoro" */;
			buildPhases = (
				E00455742D9B931000042024 /* Sources */,
				E00455752D9B931000042024 /* Frameworks */,
				E00455762D9B931000042024 /* Resources */,
			);
			buildRules = (
			);
			dependencies = (
			);
			fileSystemSynchronizedGroups = (
				E004557A2D9B931000042024 /* Done Pomodoro */,
			);
			name = "Done Pomodoro";
			packageProductDependencies = (
			);
			productName = "Done Pomodoro";
			productReference = E00455782D9B931000042024 /* Done Pomodoro.app */;
			productType = "com.apple.product-type.application";
		};
		E004558C2D9B931200042024 /* Done PomodoroTests */ = {
			isa = PBXNativeTarget;
			buildConfigurationList = E00455A42D9B931200042024 /* Build configuration list for PBXNativeTarget "Done PomodoroTests" */;
			buildPhases = (
				E00455892D9B931200042024 /* Sources */,
				E004558A2D9B931200042024 /* Frameworks */,
				E004558B2D9B931200042024 /* Resources */,
			);
			buildRules = (
			);
			dependencies = (
				E004558F2D9B931200042024 /* PBXTargetDependency */,
			);
			fileSystemSynchronizedGroups = (
				E00455902D9B931200042024 /* Done PomodoroTests */,
			);
			name = "Done PomodoroTests";
			packageProductDependencies = (
			);
			productName = "Done PomodoroTests";
			productReference = E004558D2D9B931200042024 /* Done PomodoroTests.xctest */;
			productType = "com.apple.product-type.bundle.unit-test";
		};
		E00455962D9B931200042024 /* Done PomodoroUITests */ = {
			isa = PBXNativeTarget;
			buildConfigurationList = E00455A72D9B931200042024 /* Build configuration list for PBXNativeTarget "Done PomodoroUITests" */;
			buildPhases = (
				E00455932D9B931200042024 /* Sources */,
				E00455942D9B931200042024 /* Frameworks */,
				E00455952D9B931200042024 /* Resources */,
			);
			buildRules = (
			);
			dependencies = (
				E00455992D9B931200042024 /* PBXTargetDependency */,
			);
			fileSystemSynchronizedGroups = (
				E004559A2D9B931200042024 /* Done PomodoroUITests */,
			);
			name = "Done PomodoroUITests";
			packageProductDependencies = (
			);
			productName = "Done PomodoroUITests";
			productReference = E00455972D9B931200042024 /* Done PomodoroUITests.xctest */;
			productType = "com.apple.product-type.bundle.ui-testing";
		};
		E07A74522DEE037A00E02FBC /* Done Pomodoro copy */ = {
			isa = PBXNativeTarget;
			buildConfigurationList = E07A747C2DEE037A00E02FBC /* Build configuration list for PBXNativeTarget "Done Pomodoro copy" */;
			buildPhases = (
				E07A74532DEE037A00E02FBC /* Sources */,
				E07A74792DEE037A00E02FBC /* Frameworks */,
				E07A747A2DEE037A00E02FBC /* Resources */,
			);
			buildRules = (
			);
			dependencies = (
			);
			fileSystemSynchronizedGroups = (
				E004557A2D9B931000042024 /* Done Pomodoro */,
			);
			name = "Done Pomodoro copy";
			packageProductDependencies = (
			);
			productName = "Done Pomodoro";
			productReference = E07A747F2DEE037A00E02FBC /* Done Pomodoro copy.app */;
			productType = "com.apple.product-type.application";
		};
/* End PBXNativeTarget section */

/* Begin PBXProject section */
		E00455702D9B931000042024 /* Project object */ = {
			isa = PBXProject;
			attributes = {
				BuildIndependentTargetsInParallel = 1;
				LastSwiftUpdateCheck = 1620;
				LastUpgradeCheck = 1620;
				TargetAttributes = {
					E00455772D9B931000042024 = {
						CreatedOnToolsVersion = 16.2;
					};
					E004558C2D9B931200042024 = {
						CreatedOnToolsVersion = 16.2;
						TestTargetID = E00455772D9B931000042024;
					};
					E00455962D9B931200042024 = {
						CreatedOnToolsVersion = 16.2;
						TestTargetID = E00455772D9B931000042024;
					};
				};
			};
			buildConfigurationList = E00455732D9B931000042024 /* Build configuration list for PBXProject "Done Pomodoro" */;
			developmentRegion = en;
			hasScannedForEncodings = 0;
			knownRegions = (
				en,
				Base,
				"es-US",
			);
			mainGroup = E004556F2D9B931000042024;
			minimizedProjectReferenceProxies = 1;
			preferredProjectObjectVersion = 77;
			productRefGroup = E00455792D9B931000042024 /* Products */;
			projectDirPath = "";
			projectRoot = "";
			targets = (
				E00455772D9B931000042024 /* Done Pomodoro */,
				E004558C2D9B931200042024 /* Done PomodoroTests */,
				E00455962D9B931200042024 /* Done PomodoroUITests */,
				E07A74522DEE037A00E02FBC /* Done Pomodoro copy */,
			);
		};
/* End PBXProject section */

/* Begin PBXResourcesBuildPhase section */
		E00455762D9B931000042024 /* Resources */ = {
			isa = PBXResourcesBuildPhase;
			buildActionMask = 2147483647;
			files = (
				E00455F22D9CF63000042024 /* Localizable.strings in Resources */,
			);
			runOnlyForDeploymentPostprocessing = 0;
		};
		E004558B2D9B931200042024 /* Resources */ = {
			isa = PBXResourcesBuildPhase;
			buildActionMask = 2147483647;
			files = (
			);
			runOnlyForDeploymentPostprocessing = 0;
		};
		E00455952D9B931200042024 /* Resources */ = {
			isa = PBXResourcesBuildPhase;
			buildActionMask = 2147483647;
			files = (
			);
			runOnlyForDeploymentPostprocessing = 0;
		};
		E07A747A2DEE037A00E02FBC /* Resources */ = {
			isa = PBXResourcesBuildPhase;
			buildActionMask = 2147483647;
			files = (
				E07A747B2DEE037A00E02FBC /* Localizable.strings in Resources */,
			);
			runOnlyForDeploymentPostprocessing = 0;
		};
/* End PBXResourcesBuildPhase section */

/* Begin PBXSourcesBuildPhase section */
		E00455742D9B931000042024 /* Sources */ = {
			isa = PBXSourcesBuildPhase;
			buildActionMask = 2147483647;
			files = (
				E004562E2DA88FB700042024 /* WorkSessionViewModel.swift in Sources */,
				E00455EB2D9CEC2100042024 /* Constants.swift in Sources */,
				E00456942DBAEFF200042024 /* MainTabView.swift in Sources */,
				E00456CF2DBB177B00042024 /* AboutView.swift in Sources */,
				E00456362DB4685C00042024 /* SessionManager.swift in Sources */,
				E00455FA2D9F09A500042024 /* TaskRepository.swift in Sources */,
				E00455FE2D9F1A6500042024 /* DataSeeder.swift in Sources */,
				E00456022D9F452F00042024 /* NotificationService.swift in Sources */,
				E00457672DC0473400042024 /* AlertView.swift in Sources */,
				E00455FC2D9F169F00042024 /* WorkSessionRepository.swift in Sources */,
				E00457652DC0420F00042024 /* TaskPickerView.swift in Sources */,
				E004572F2DBC224000042024 /* ReportsViewModel.swift in Sources */,
				E07A75752DF9037000E02FBC /* DurationPickerView.swift in Sources */,
				E00457352DBC264400042024 /* ReportsView.swift in Sources */,
				E00456002D9F41FD00042024 /* TimerService.swift in Sources */,
				E07A74CB2DF3569300E02FBC /* UIApplication+Extensions.swift in Sources */,
				E00455EF2D9CF48900042024 /* Font+Extensions.swift in Sources */,
				E00457372DBC269A00042024 /* ReportSettingsView.swift in Sources */,
				E00456D12DBB17C300042024 /* HowItWorksView.swift in Sources */,
				E00457312DBC235800042024 /* ReportBarChartView.swift in Sources */,
				E00456382DB46AD300042024 /* SessionRestorer.swift in Sources */,
				E00457932DC5844000042024 /* TaskCompletedOverlayView.swift in Sources */,
				E00456042D9F4E1E00042024 /* SettingsService.swift in Sources */,
				E00455ED2D9CF34600042024 /* Color+Extensions.swift in Sources */,
				E00456D52DBB29D800042024 /* SettingsView.swift in Sources */,
				E00456322DA896FC00042024 /* TimerInterval+Extensions.swift in Sources */,
				E00456302DA8945900042024 /* WorkSessionView.swift in Sources */,
				E00457332DBC23E900042024 /* ReportPieChartView.swift in Sources */,
				E00456CD2DBB16CB00042024 /* SettingViewModel.swift in Sources */,
				E00457392DBC282900042024 /* ReportCache.swift in Sources */,
				E00456342DB44C1300042024 /* DevEnvironment.swift in Sources */,
				E004569C2DBAF54700042024 /* TaskRowView.swift in Sources */,
				E00457912DC583EC00042024 /* TaskCompletionOverlayService.swift in Sources */,
				E004569D2DBAF54700042024 /* TaskEditView.swift in Sources */,
				E004573B2DBDBB4F00042024 /* AppEvents.swift in Sources */,
				E004569E2DBAF54700042024 /* DoneListView.swift in Sources */,
				E004569F2DBAF54700042024 /* TaskListView.swift in Sources */,
				E00456A02DBAF54700042024 /* TaskListViewModel.swift in Sources */,
				E00456A12DBAF54700042024 /* ToDoListView.swift in Sources */,
			);
			runOnlyForDeploymentPostprocessing = 0;
		};
		E00455892D9B931200042024 /* Sources */ = {
			isa = PBXSourcesBuildPhase;
			buildActionMask = 2147483647;
			files = (
				E07A74CC2DF3569300E02FBC /* UIApplication+Extensions.swift in Sources */,
			);
			runOnlyForDeploymentPostprocessing = 0;
		};
		E00455932D9B931200042024 /* Sources */ = {
			isa = PBXSourcesBuildPhase;
			buildActionMask = 2147483647;
			files = (
				E07A74CA2DF3569300E02FBC /* UIApplication+Extensions.swift in Sources */,
			);
			runOnlyForDeploymentPostprocessing = 0;
		};
		E07A74532DEE037A00E02FBC /* Sources */ = {
			isa = PBXSourcesBuildPhase;
			buildActionMask = 2147483647;
			files = (
				E07A75762DF9037000E02FBC /* DurationPickerView.swift in Sources */,
				E07A74542DEE037A00E02FBC /* WorkSessionViewModel.swift in Sources */,
				E07A74552DEE037A00E02FBC /* Constants.swift in Sources */,
				E07A74CD2DF3569300E02FBC /* UIApplication+Extensions.swift in Sources */,
				E07A74562DEE037A00E02FBC /* MainTabView.swift in Sources */,
				E07A74572DEE037A00E02FBC /* AboutView.swift in Sources */,
				E07A74582DEE037A00E02FBC /* SessionManager.swift in Sources */,
				E07A74592DEE037A00E02FBC /* TaskRepository.swift in Sources */,
				E07A745A2DEE037A00E02FBC /* DataSeeder.swift in Sources */,
				E07A745B2DEE037A00E02FBC /* NotificationService.swift in Sources */,
				E07A745C2DEE037A00E02FBC /* AlertView.swift in Sources */,
				E07A745D2DEE037A00E02FBC /* WorkSessionRepository.swift in Sources */,
				E07A745E2DEE037A00E02FBC /* TaskPickerView.swift in Sources */,
				E07A745F2DEE037A00E02FBC /* ReportsViewModel.swift in Sources */,
				E07A74602DEE037A00E02FBC /* ReportsView.swift in Sources */,
				E07A74612DEE037A00E02FBC /* TimerService.swift in Sources */,
				E07A74622DEE037A00E02FBC /* Font+Extensions.swift in Sources */,
				E07A74632DEE037A00E02FBC /* ReportSettingsView.swift in Sources */,
				E07A74642DEE037A00E02FBC /* HowItWorksView.swift in Sources */,
				E07A74652DEE037A00E02FBC /* ReportBarChartView.swift in Sources */,
				E07A74662DEE037A00E02FBC /* SessionRestorer.swift in Sources */,
				E07A74672DEE037A00E02FBC /* TaskCompletedOverlayView.swift in Sources */,
				E07A74682DEE037A00E02FBC /* SettingsService.swift in Sources */,
				E07A74692DEE037A00E02FBC /* Color+Extensions.swift in Sources */,
				E07A746A2DEE037A00E02FBC /* SettingsView.swift in Sources */,
				E07A746B2DEE037A00E02FBC /* TimerInterval+Extensions.swift in Sources */,
				E07A746C2DEE037A00E02FBC /* WorkSessionView.swift in Sources */,
				E07A746D2DEE037A00E02FBC /* ReportPieChartView.swift in Sources */,
				E07A746E2DEE037A00E02FBC /* SettingViewModel.swift in Sources */,
				E07A746F2DEE037A00E02FBC /* ReportCache.swift in Sources */,
				E07A74702DEE037A00E02FBC /* DevEnvironment.swift in Sources */,
				E07A74712DEE037A00E02FBC /* TaskRowView.swift in Sources */,
				E07A74722DEE037A00E02FBC /* TaskCompletionOverlayService.swift in Sources */,
				E07A74732DEE037A00E02FBC /* TaskEditView.swift in Sources */,
				E07A74742DEE037A00E02FBC /* AppEvents.swift in Sources */,
				E07A74752DEE037A00E02FBC /* DoneListView.swift in Sources */,
				E07A74762DEE037A00E02FBC /* TaskListView.swift in Sources */,
				E07A74772DEE037A00E02FBC /* TaskListViewModel.swift in Sources */,
				E07A74782DEE037A00E02FBC /* ToDoListView.swift in Sources */,
			);
			runOnlyForDeploymentPostprocessing = 0;
		};
/* End PBXSourcesBuildPhase section */

/* Begin PBXTargetDependency section */
		E004558F2D9B931200042024 /* PBXTargetDependency */ = {
			isa = PBXTargetDependency;
			target = E00455772D9B931000042024 /* Done Pomodoro */;
			targetProxy = E004558E2D9B931200042024 /* PBXContainerItemProxy */;
		};
		E00455992D9B931200042024 /* PBXTargetDependency */ = {
			isa = PBXTargetDependency;
			target = E00455772D9B931000042024 /* Done Pomodoro */;
			targetProxy = E00455982D9B931200042024 /* PBXContainerItemProxy */;
		};
/* End PBXTargetDependency section */

/* Begin PBXVariantGroup section */
		E00455F02D9CF63000042024 /* Localizable.strings */ = {
			isa = PBXVariantGroup;
			children = (
				E00455F12D9CF63000042024 /* en */,
			);
			name = Localizable.strings;
			sourceTree = "<group>";
		};
/* End PBXVariantGroup section */

/* Begin XCBuildConfiguration section */
		E004559F2D9B931200042024 /* Debug */ = {
			isa = XCBuildConfiguration;
			buildSettings = {
				ALWAYS_SEARCH_USER_PATHS = NO;
				ASSETCATALOG_COMPILER_GENERATE_SWIFT_ASSET_SYMBOL_EXTENSIONS = YES;
				CLANG_ANALYZER_LOCALIZABILITY_NONLOCALIZED = YES;
				CLANG_ANALYZER_NONNULL = YES;
				CLANG_ANALYZER_NUMBER_OBJECT_CONVERSION = YES_AGGRESSIVE;
				CLANG_CXX_LANGUAGE_STANDARD = "gnu++20";
				CLANG_ENABLE_MODULES = YES;
				CLANG_ENABLE_OBJC_ARC = YES;
				CLANG_ENABLE_OBJC_WEAK = YES;
				CLANG_WARN_BLOCK_CAPTURE_AUTORELEASING = YES;
				CLANG_WARN_BOOL_CONVERSION = YES;
				CLANG_WARN_COMMA = YES;
				CLANG_WARN_CONSTANT_CONVERSION = YES;
				CLANG_WARN_DEPRECATED_OBJC_IMPLEMENTATIONS = YES;
				CLANG_WARN_DIRECT_OBJC_ISA_USAGE = YES_ERROR;
				CLANG_WARN_DOCUMENTATION_COMMENTS = YES;
				CLANG_WARN_EMPTY_BODY = YES;
				CLANG_WARN_ENUM_CONVERSION = YES;
				CLANG_WARN_INFINITE_RECURSION = YES;
				CLANG_WARN_INT_CONVERSION = YES;
				CLANG_WARN_NON_LITERAL_NULL_CONVERSION = YES;
				CLANG_WARN_OBJC_IMPLICIT_RETAIN_SELF = YES;
				CLANG_WARN_OBJC_LITERAL_CONVERSION = YES;
				CLANG_WARN_OBJC_ROOT_CLASS = YES_ERROR;
				CLANG_WARN_QUOTED_INCLUDE_IN_FRAMEWORK_HEADER = YES;
				CLANG_WARN_RANGE_LOOP_ANALYSIS = YES;
				CLANG_WARN_STRICT_PROTOTYPES = YES;
				CLANG_WARN_SUSPICIOUS_MOVE = YES;
				CLANG_WARN_UNGUARDED_AVAILABILITY = YES_AGGRESSIVE;
				CLANG_WARN_UNREACHABLE_CODE = YES;
				CLANG_WARN__DUPLICATE_METHOD_MATCH = YES;
				COPY_PHASE_STRIP = NO;
				DEBUG_INFORMATION_FORMAT = dwarf;
				ENABLE_STRICT_OBJC_MSGSEND = YES;
				ENABLE_TESTABILITY = YES;
				ENABLE_USER_SCRIPT_SANDBOXING = YES;
				GCC_C_LANGUAGE_STANDARD = gnu17;
				GCC_DYNAMIC_NO_PIC = NO;
				GCC_NO_COMMON_BLOCKS = YES;
				GCC_OPTIMIZATION_LEVEL = 0;
				GCC_PREPROCESSOR_DEFINITIONS = (
					"DEBUG=1",
					"$(inherited)",
				);
				GCC_WARN_64_TO_32_BIT_CONVERSION = YES;
				GCC_WARN_ABOUT_RETURN_TYPE = YES_ERROR;
				GCC_WARN_UNDECLARED_SELECTOR = YES;
				GCC_WARN_UNINITIALIZED_AUTOS = YES_AGGRESSIVE;
				GCC_WARN_UNUSED_FUNCTION = YES;
				GCC_WARN_UNUSED_VARIABLE = YES;
				IPHONEOS_DEPLOYMENT_TARGET = 18.2;
				LOCALIZATION_PREFERS_STRING_CATALOGS = YES;
				MTL_ENABLE_DEBUG_INFO = INCLUDE_SOURCE;
				MTL_FAST_MATH = YES;
				ONLY_ACTIVE_ARCH = YES;
				SDKROOT = iphoneos;
				SWIFT_ACTIVE_COMPILATION_CONDITIONS = "DEBUG $(inherited)";
				SWIFT_OPTIMIZATION_LEVEL = "-Onone";
			};
			name = Debug;
		};
		E00455A02D9B931200042024 /* Release */ = {
			isa = XCBuildConfiguration;
			buildSettings = {
				ALWAYS_SEARCH_USER_PATHS = NO;
				ASSETCATALOG_COMPILER_GENERATE_SWIFT_ASSET_SYMBOL_EXTENSIONS = YES;
				CLANG_ANALYZER_LOCALIZABILITY_NONLOCALIZED = YES;
				CLANG_ANALYZER_NONNULL = YES;
				CLANG_ANALYZER_NUMBER_OBJECT_CONVERSION = YES_AGGRESSIVE;
				CLANG_CXX_LANGUAGE_STANDARD = "gnu++20";
				CLANG_ENABLE_MODULES = YES;
				CLANG_ENABLE_OBJC_ARC = YES;
				CLANG_ENABLE_OBJC_WEAK = YES;
				CLANG_WARN_BLOCK_CAPTURE_AUTORELEASING = YES;
				CLANG_WARN_BOOL_CONVERSION = YES;
				CLANG_WARN_COMMA = YES;
				CLANG_WARN_CONSTANT_CONVERSION = YES;
				CLANG_WARN_DEPRECATED_OBJC_IMPLEMENTATIONS = YES;
				CLANG_WARN_DIRECT_OBJC_ISA_USAGE = YES_ERROR;
				CLANG_WARN_DOCUMENTATION_COMMENTS = YES;
				CLANG_WARN_EMPTY_BODY = YES;
				CLANG_WARN_ENUM_CONVERSION = YES;
				CLANG_WARN_INFINITE_RECURSION = YES;
				CLANG_WARN_INT_CONVERSION = YES;
				CLANG_WARN_NON_LITERAL_NULL_CONVERSION = YES;
				CLANG_WARN_OBJC_IMPLICIT_RETAIN_SELF = YES;
				CLANG_WARN_OBJC_LITERAL_CONVERSION = YES;
				CLANG_WARN_OBJC_ROOT_CLASS = YES_ERROR;
				CLANG_WARN_QUOTED_INCLUDE_IN_FRAMEWORK_HEADER = YES;
				CLANG_WARN_RANGE_LOOP_ANALYSIS = YES;
				CLANG_WARN_STRICT_PROTOTYPES = YES;
				CLANG_WARN_SUSPICIOUS_MOVE = YES;
				CLANG_WARN_UNGUARDED_AVAILABILITY = YES_AGGRESSIVE;
				CLANG_WARN_UNREACHABLE_CODE = YES;
				CLANG_WARN__DUPLICATE_METHOD_MATCH = YES;
				COPY_PHASE_STRIP = NO;
				DEBUG_INFORMATION_FORMAT = "dwarf-with-dsym";
				ENABLE_NS_ASSERTIONS = NO;
				ENABLE_STRICT_OBJC_MSGSEND = YES;
				ENABLE_USER_SCRIPT_SANDBOXING = YES;
				GCC_C_LANGUAGE_STANDARD = gnu17;
				GCC_NO_COMMON_BLOCKS = YES;
				GCC_WARN_64_TO_32_BIT_CONVERSION = YES;
				GCC_WARN_ABOUT_RETURN_TYPE = YES_ERROR;
				GCC_WARN_UNDECLARED_SELECTOR = YES;
				GCC_WARN_UNINITIALIZED_AUTOS = YES_AGGRESSIVE;
				GCC_WARN_UNUSED_FUNCTION = YES;
				GCC_WARN_UNUSED_VARIABLE = YES;
				IPHONEOS_DEPLOYMENT_TARGET = 18.2;
				LOCALIZATION_PREFERS_STRING_CATALOGS = YES;
				MTL_ENABLE_DEBUG_INFO = NO;
				MTL_FAST_MATH = YES;
				SDKROOT = iphoneos;
				SWIFT_COMPILATION_MODE = wholemodule;
				VALIDATE_PRODUCT = YES;
			};
			name = Release;
		};
		E00455A22D9B931200042024 /* Debug */ = {
			isa = XCBuildConfiguration;
			buildSettings = {
				ASSETCATALOG_COMPILER_APPICON_NAME = AppIcon;
				ASSETCATALOG_COMPILER_GLOBAL_ACCENT_COLOR_NAME = AccentColor;
				CODE_SIGN_STYLE = Automatic;
				CURRENT_PROJECT_VERSION = 1;
				DEVELOPMENT_ASSET_PATHS = "\"Done Pomodoro/Preview Content\"";
				DEVELOPMENT_TEAM = J7A46SWX9W;
				ENABLE_PREVIEWS = YES;
				GENERATE_INFOPLIST_FILE = YES;
				INFOPLIST_KEY_UIApplicationSceneManifest_Generation = YES;
				INFOPLIST_KEY_UIApplicationSupportsIndirectInputEvents = YES;
				INFOPLIST_KEY_UILaunchScreen_Generation = YES;
				INFOPLIST_KEY_UISupportedInterfaceOrientations_iPad = "UIInterfaceOrientationPortrait UIInterfaceOrientationPortraitUpsideDown UIInterfaceOrientationLandscapeLeft UIInterfaceOrientationLandscapeRight";
				INFOPLIST_KEY_UISupportedInterfaceOrientations_iPhone = UIInterfaceOrientationPortrait;
				IPHONEOS_DEPLOYMENT_TARGET = 16.6;
				LD_RUNPATH_SEARCH_PATHS = (
					"$(inherited)",
					"@executable_path/Frameworks",
				);
				MARKETING_VERSION = 1.0;
				PRODUCT_BUNDLE_IDENTIFIER = "com.eliabsisay.Done-Pomodoro";
				PRODUCT_NAME = "$(TARGET_NAME)";
				SWIFT_EMIT_LOC_STRINGS = YES;
				SWIFT_VERSION = 5.0;
				TARGETED_DEVICE_FAMILY = "1,2";
			};
			name = Debug;
		};
		E00455A32D9B931200042024 /* Release */ = {
			isa = XCBuildConfiguration;
			buildSettings = {
				ASSETCATALOG_COMPILER_APPICON_NAME = AppIcon;
				ASSETCATALOG_COMPILER_GLOBAL_ACCENT_COLOR_NAME = AccentColor;
				CODE_SIGN_STYLE = Automatic;
				CURRENT_PROJECT_VERSION = 1;
				DEVELOPMENT_ASSET_PATHS = "\"Done Pomodoro/Preview Content\"";
				DEVELOPMENT_TEAM = J7A46SWX9W;
				ENABLE_PREVIEWS = YES;
				GENERATE_INFOPLIST_FILE = YES;
				INFOPLIST_KEY_UIApplicationSceneManifest_Generation = YES;
				INFOPLIST_KEY_UIApplicationSupportsIndirectInputEvents = YES;
				INFOPLIST_KEY_UILaunchScreen_Generation = YES;
				INFOPLIST_KEY_UISupportedInterfaceOrientations_iPad = "UIInterfaceOrientationPortrait UIInterfaceOrientationPortraitUpsideDown UIInterfaceOrientationLandscapeLeft UIInterfaceOrientationLandscapeRight";
				INFOPLIST_KEY_UISupportedInterfaceOrientations_iPhone = UIInterfaceOrientationPortrait;
				IPHONEOS_DEPLOYMENT_TARGET = 16.6;
				LD_RUNPATH_SEARCH_PATHS = (
					"$(inherited)",
					"@executable_path/Frameworks",
				);
				MARKETING_VERSION = 1.0;
				PRODUCT_BUNDLE_IDENTIFIER = "com.eliabsisay.Done-Pomodoro";
				PRODUCT_NAME = "$(TARGET_NAME)";
				SWIFT_EMIT_LOC_STRINGS = YES;
				SWIFT_VERSION = 5.0;
				TARGETED_DEVICE_FAMILY = "1,2";
			};
			name = Release;
		};
		E00455A52D9B931200042024 /* Debug */ = {
			isa = XCBuildConfiguration;
			buildSettings = {
				BUNDLE_LOADER = "$(TEST_HOST)";
				CODE_SIGN_STYLE = Automatic;
				CURRENT_PROJECT_VERSION = 1;
				DEVELOPMENT_TEAM = HWB25859R2;
				GENERATE_INFOPLIST_FILE = YES;
				IPHONEOS_DEPLOYMENT_TARGET = 18.2;
				MARKETING_VERSION = 1.0;
				PRODUCT_BUNDLE_IDENTIFIER = "com.eliabsisay.Done-PomodoroTests";
				PRODUCT_NAME = "$(TARGET_NAME)";
				SWIFT_EMIT_LOC_STRINGS = NO;
				SWIFT_VERSION = 5.0;
				TARGETED_DEVICE_FAMILY = "1,2";
				TEST_HOST = "$(BUILT_PRODUCTS_DIR)/Done Pomodoro.app/$(BUNDLE_EXECUTABLE_FOLDER_PATH)/Done Pomodoro";
			};
			name = Debug;
		};
		E00455A62D9B931200042024 /* Release */ = {
			isa = XCBuildConfiguration;
			buildSettings = {
				BUNDLE_LOADER = "$(TEST_HOST)";
				CODE_SIGN_STYLE = Automatic;
				CURRENT_PROJECT_VERSION = 1;
				DEVELOPMENT_TEAM = HWB25859R2;
				GENERATE_INFOPLIST_FILE = YES;
				IPHONEOS_DEPLOYMENT_TARGET = 18.2;
				MARKETING_VERSION = 1.0;
				PRODUCT_BUNDLE_IDENTIFIER = "com.eliabsisay.Done-PomodoroTests";
				PRODUCT_NAME = "$(TARGET_NAME)";
				SWIFT_EMIT_LOC_STRINGS = NO;
				SWIFT_VERSION = 5.0;
				TARGETED_DEVICE_FAMILY = "1,2";
				TEST_HOST = "$(BUILT_PRODUCTS_DIR)/Done Pomodoro.app/$(BUNDLE_EXECUTABLE_FOLDER_PATH)/Done Pomodoro";
			};
			name = Release;
		};
		E00455A82D9B931200042024 /* Debug */ = {
			isa = XCBuildConfiguration;
			buildSettings = {
				CODE_SIGN_STYLE = Automatic;
				CURRENT_PROJECT_VERSION = 1;
				DEVELOPMENT_TEAM = HWB25859R2;
				GENERATE_INFOPLIST_FILE = YES;
				MARKETING_VERSION = 1.0;
				PRODUCT_BUNDLE_IDENTIFIER = "com.eliabsisay.Done-PomodoroUITests";
				PRODUCT_NAME = "$(TARGET_NAME)";
				SWIFT_EMIT_LOC_STRINGS = NO;
				SWIFT_VERSION = 5.0;
				TARGETED_DEVICE_FAMILY = "1,2";
				TEST_TARGET_NAME = "Done Pomodoro";
			};
			name = Debug;
		};
		E00455A92D9B931200042024 /* Release */ = {
			isa = XCBuildConfiguration;
			buildSettings = {
				CODE_SIGN_STYLE = Automatic;
				CURRENT_PROJECT_VERSION = 1;
				DEVELOPMENT_TEAM = HWB25859R2;
				GENERATE_INFOPLIST_FILE = YES;
				MARKETING_VERSION = 1.0;
				PRODUCT_BUNDLE_IDENTIFIER = "com.eliabsisay.Done-PomodoroUITests";
				PRODUCT_NAME = "$(TARGET_NAME)";
				SWIFT_EMIT_LOC_STRINGS = NO;
				SWIFT_VERSION = 5.0;
				TARGETED_DEVICE_FAMILY = "1,2";
				TEST_TARGET_NAME = "Done Pomodoro";
			};
			name = Release;
		};
		E07A747D2DEE037A00E02FBC /* Debug */ = {
			isa = XCBuildConfiguration;
			buildSettings = {
				ASSETCATALOG_COMPILER_APPICON_NAME = AppIcon;
				ASSETCATALOG_COMPILER_GLOBAL_ACCENT_COLOR_NAME = AccentColor;
				CODE_SIGN_STYLE = Automatic;
				CURRENT_PROJECT_VERSION = 1;
				DEVELOPMENT_ASSET_PATHS = "\"Done Pomodoro/Preview Content\"";
				DEVELOPMENT_TEAM = J7A46SWX9W;
				ENABLE_PREVIEWS = YES;
				GENERATE_INFOPLIST_FILE = YES;
				INFOPLIST_KEY_UIApplicationSceneManifest_Generation = YES;
				INFOPLIST_KEY_UIApplicationSupportsIndirectInputEvents = YES;
				INFOPLIST_KEY_UILaunchScreen_Generation = YES;
				INFOPLIST_KEY_UISupportedInterfaceOrientations_iPad = "UIInterfaceOrientationPortrait UIInterfaceOrientationPortraitUpsideDown UIInterfaceOrientationLandscapeLeft UIInterfaceOrientationLandscapeRight";
				INFOPLIST_KEY_UISupportedInterfaceOrientations_iPhone = UIInterfaceOrientationPortrait;
				IPHONEOS_DEPLOYMENT_TARGET = 16.6;
				LD_RUNPATH_SEARCH_PATHS = (
					"$(inherited)",
					"@executable_path/Frameworks",
				);
				MARKETING_VERSION = 1.0;
				PRODUCT_BUNDLE_IDENTIFIER = "com.eliabsisay.Done-Pomodoro";
				PRODUCT_NAME = "$(TARGET_NAME)";
				SWIFT_EMIT_LOC_STRINGS = YES;
				SWIFT_VERSION = 5.0;
				TARGETED_DEVICE_FAMILY = "1,2";
			};
			name = Debug;
		};
		E07A747E2DEE037A00E02FBC /* Release */ = {
			isa = XCBuildConfiguration;
			buildSettings = {
				ASSETCATALOG_COMPILER_APPICON_NAME = AppIcon;
				ASSETCATALOG_COMPILER_GLOBAL_ACCENT_COLOR_NAME = AccentColor;
				CODE_SIGN_STYLE = Automatic;
				CURRENT_PROJECT_VERSION = 1;
				DEVELOPMENT_ASSET_PATHS = "\"Done Pomodoro/Preview Content\"";
				DEVELOPMENT_TEAM = J7A46SWX9W;
				ENABLE_PREVIEWS = YES;
				GENERATE_INFOPLIST_FILE = YES;
				INFOPLIST_KEY_UIApplicationSceneManifest_Generation = YES;
				INFOPLIST_KEY_UIApplicationSupportsIndirectInputEvents = YES;
				INFOPLIST_KEY_UILaunchScreen_Generation = YES;
				INFOPLIST_KEY_UISupportedInterfaceOrientations_iPad = "UIInterfaceOrientationPortrait UIInterfaceOrientationPortraitUpsideDown UIInterfaceOrientationLandscapeLeft UIInterfaceOrientationLandscapeRight";
				INFOPLIST_KEY_UISupportedInterfaceOrientations_iPhone = UIInterfaceOrientationPortrait;
				IPHONEOS_DEPLOYMENT_TARGET = 16.6;
				LD_RUNPATH_SEARCH_PATHS = (
					"$(inherited)",
					"@executable_path/Frameworks",
				);
				MARKETING_VERSION = 1.0;
				PRODUCT_BUNDLE_IDENTIFIER = "com.eliabsisay.Done-Pomodoro";
				PRODUCT_NAME = "$(TARGET_NAME)";
				SWIFT_EMIT_LOC_STRINGS = YES;
				SWIFT_VERSION = 5.0;
				TARGETED_DEVICE_FAMILY = "1,2";
			};
			name = Release;
		};
/* End XCBuildConfiguration section */

/* Begin XCConfigurationList section */
		E00455732D9B931000042024 /* Build configuration list for PBXProject "Done Pomodoro" */ = {
			isa = XCConfigurationList;
			buildConfigurations = (
				E004559F2D9B931200042024 /* Debug */,
				E00455A02D9B931200042024 /* Release */,
			);
			defaultConfigurationIsVisible = 0;
			defaultConfigurationName = Release;
		};
		E00455A12D9B931200042024 /* Build configuration list for PBXNativeTarget "Done Pomodoro" */ = {
			isa = XCConfigurationList;
			buildConfigurations = (
				E00455A22D9B931200042024 /* Debug */,
				E00455A32D9B931200042024 /* Release */,
			);
			defaultConfigurationIsVisible = 0;
			defaultConfigurationName = Release;
		};
		E00455A42D9B931200042024 /* Build configuration list for PBXNativeTarget "Done PomodoroTests" */ = {
			isa = XCConfigurationList;
			buildConfigurations = (
				E00455A52D9B931200042024 /* Debug */,
				E00455A62D9B931200042024 /* Release */,
			);
			defaultConfigurationIsVisible = 0;
			defaultConfigurationName = Release;
		};
		E00455A72D9B931200042024 /* Build configuration list for PBXNativeTarget "Done PomodoroUITests" */ = {
			isa = XCConfigurationList;
			buildConfigurations = (
				E00455A82D9B931200042024 /* Debug */,
				E00455A92D9B931200042024 /* Release */,
			);
			defaultConfigurationIsVisible = 0;
			defaultConfigurationName = Release;
		};
		E07A747C2DEE037A00E02FBC /* Build configuration list for PBXNativeTarget "Done Pomodoro copy" */ = {
			isa = XCConfigurationList;
			buildConfigurations = (
				E07A747D2DEE037A00E02FBC /* Debug */,
				E07A747E2DEE037A00E02FBC /* Release */,
			);
			defaultConfigurationIsVisible = 0;
			defaultConfigurationName = Release;
		};
/* End XCConfigurationList section */
	};
	rootObject = E00455702D9B931000042024 /* Project object */;
}
